// !$*UTF8*$!
{
	archiveVersion = 1;
	classes = {
	};
	objectVersion = 77;
	objects = {

/* Begin PBXBuildFile section */
		151C39CC2F929380CA5CB0D2 /* DecisionsRemoveSuffixMigrationTests.swift in Sources */ = {isa = PBXBuildFile; fileRef = 172F8F900CC81A0252723A39 /* DecisionsRemoveSuffixMigrationTests.swift */; };
		47D6AAD384ABE22E94AD8125 /* FakeDecisionsRepository.swift in Sources */ = {isa = PBXBuildFile; fileRef = CEC27D64A9B16B47DF53F98E /* FakeDecisionsRepository.swift */; };
		4E0773422EB487C92497F397 /* Foundation.framework in Frameworks */ = {isa = PBXBuildFile; fileRef = 8F0B1F362C4EDAEEFCC7E88B /* Foundation.framework */; };
		5898A903E4A596D2D66D6C28 /* Foundation.framework in Frameworks */ = {isa = PBXBuildFile; fileRef = 8F0B1F362C4EDAEEFCC7E88B /* Foundation.framework */; };
		63F28340AECDA75A3A3B6C71 /* MigrationGateTests.swift in Sources */ = {isa = PBXBuildFile; fileRef = 978B04D9883581A7A11F6BAF /* MigrationGateTests.swift */; };
		69D299A69EB04B7F9A27D071 /* FakeDecisionsRepository.swift in Sources */ = {isa = PBXBuildFile; fileRef = 2E403F48B492130E6E3C7947 /* FakeDecisionsRepository.swift */; };
		A30AFBCA869C7EAEF75759A1 /* FakePhotosetsRepository.swift in Sources */ = {isa = PBXBuildFile; fileRef = 0ECEC022D05FF7299B840BF9 /* FakePhotosetsRepository.swift */; };
		B803575162B672EE3B1F0171 /* DecisionsRemoveSuffixMigrationTests.swift in Sources */ = {isa = PBXBuildFile; fileRef = 895E7DDDD04D0A1E8555056A /* DecisionsRemoveSuffixMigrationTests.swift */; };
		D002A4842F6DC9040053419C /* PopGestureRecognizerSwiftUI in Frameworks */ = {isa = PBXBuildFile; productRef = D002A4832F6DC9040053419C /* PopGestureRecognizerSwiftUI */; };
		D055F2F32F66A1F900380F46 /* Kingfisher in Frameworks */ = {isa = PBXBuildFile; productRef = D055F2F22F66A1F900380F46 /* Kingfisher */; };
		D0999ED62F4645E100D352C3 /* SwinjectAutoregistration in Frameworks */ = {isa = PBXBuildFile; productRef = D0999ED52F4645E100D352C3 /* SwinjectAutoregistration */; };
		F42E81204F8BAC8A26B1FDC2 /* FakePhotosetsRepository.swift in Sources */ = {isa = PBXBuildFile; fileRef = 3A6570C138564E3CC185FDAE /* FakePhotosetsRepository.swift */; };
/* End PBXBuildFile section */

/* Begin PBXContainerItemProxy section */
		5030C2FB85A12DADD1D7864C /* PBXContainerItemProxy */ = {
			isa = PBXContainerItemProxy;
			containerPortal = D0C3DE732EDD91AD0068307C /* Project object */;
			proxyType = 1;
			remoteGlobalIDString = D0C3DE7A2EDD91AD0068307C;
			remoteInfo = Cullen;
		};
		E4F90EF064B7561B3C4705DB /* PBXContainerItemProxy */ = {
			isa = PBXContainerItemProxy;
			containerPortal = D0C3DE732EDD91AD0068307C /* Project object */;
			proxyType = 1;
			remoteGlobalIDString = D0C3DE7A2EDD91AD0068307C;
			remoteInfo = Cullen;
		};
/* End PBXContainerItemProxy section */

/* Begin PBXFileReference section */
		0ECEC022D05FF7299B840BF9 /* FakePhotosetsRepository.swift */ = {isa = PBXFileReference; includeInIndex = 1; lastKnownFileType = sourcecode.swift; path = FakePhotosetsRepository.swift; sourceTree = "<group>"; };
		172F8F900CC81A0252723A39 /* DecisionsRemoveSuffixMigrationTests.swift */ = {isa = PBXFileReference; includeInIndex = 1; lastKnownFileType = sourcecode.swift; path = DecisionsRemoveSuffixMigrationTests.swift; sourceTree = "<group>"; };
		179616E111B545BAAF873091 /* Cullen.xcconfig */ = {isa = PBXFileReference; lastKnownFileType = text.xcconfig; path = Cullen.xcconfig; sourceTree = "<group>"; };
		2E403F48B492130E6E3C7947 /* FakeDecisionsRepository.swift */ = {isa = PBXFileReference; includeInIndex = 1; lastKnownFileType = sourcecode.swift; path = FakeDecisionsRepository.swift; sourceTree = "<group>"; };
		3A6570C138564E3CC185FDAE /* FakePhotosetsRepository.swift */ = {isa = PBXFileReference; includeInIndex = 1; lastKnownFileType = sourcecode.swift; path = FakePhotosetsRepository.swift; sourceTree = "<group>"; };
		895E7DDDD04D0A1E8555056A /* DecisionsRemoveSuffixMigrationTests.swift */ = {isa = PBXFileReference; includeInIndex = 1; lastKnownFileType = sourcecode.swift; path = DecisionsRemoveSuffixMigrationTests.swift; sourceTree = "<group>"; };
		8F0B1F362C4EDAEEFCC7E88B /* Foundation.framework */ = {isa = PBXFileReference; lastKnownFileType = wrapper.framework; name = Foundation.framework; path = Platforms/iPhoneOS.platform/Developer/SDKs/iPhoneOS18.0.sdk/System/Library/Frameworks/Foundation.framework; sourceTree = DEVELOPER_DIR; };
		978B04D9883581A7A11F6BAF /* MigrationGateTests.swift */ = {isa = PBXFileReference; includeInIndex = 1; lastKnownFileType = sourcecode.swift; path = MigrationGateTests.swift; sourceTree = "<group>"; };
		992883BF3784358D23537957 /* CullenTests.xctest */ = {isa = PBXFileReference; explicitFileType = wrapper.cfbundle; includeInIndex = 0; path = CullenTests.xctest; sourceTree = BUILT_PRODUCTS_DIR; };
		C3ECAECC0277B2B389434D67 /* CullenTests.xctest */ = {isa = PBXFileReference; explicitFileType = wrapper.cfbundle; includeInIndex = 0; path = CullenTests.xctest; sourceTree = BUILT_PRODUCTS_DIR; };
		CEC27D64A9B16B47DF53F98E /* FakeDecisionsRepository.swift */ = {isa = PBXFileReference; includeInIndex = 1; lastKnownFileType = sourcecode.swift; path = FakeDecisionsRepository.swift; sourceTree = "<group>"; };
		D0C3DE7B2EDD91AD0068307C /* Cullen.app */ = {isa = PBXFileReference; explicitFileType = wrapper.application; includeInIndex = 0; path = Cullen.app; sourceTree = BUILT_PRODUCTS_DIR; };
/* End PBXFileReference section */

/* Begin PBXFileSystemSynchronizedBuildFileExceptionSet section */
		D002A5C32F6F04410053419C /* Exceptions for "Cullen" folder in "Cullen" target */ = {
			isa = PBXFileSystemSynchronizedBuildFileExceptionSet;
			membershipExceptions = (
				__trash/BottomBar.swift,
				__trash/CullenNavigationBar.swift,
				__trash/MockPhotoRepository.swift,
				__trash/MockServices.swift,
				__trash/NavBar.swift,
				__trash/PhotoDetailDisplayModel.swift,
				__trash/PhotoFilter.swift,
				__trash/RepositoryProtocols.swift,
				__trash/SwipeHintsView.swift,
			);
			target = D0C3DE7A2EDD91AD0068307C /* Cullen */;
		};
/* End PBXFileSystemSynchronizedBuildFileExceptionSet section */

/* Begin PBXFileSystemSynchronizedRootGroup section */
		D0C3DE7D2EDD91AD0068307C /* Cullen */ = {
			isa = PBXFileSystemSynchronizedRootGroup;
			exceptions = (
				D002A5C32F6F04410053419C /* Exceptions for "Cullen" folder in "Cullen" target */,
			);
			path = Cullen;
			sourceTree = "<group>";
		};
/* End PBXFileSystemSynchronizedRootGroup section */

/* Begin PBXFrameworksBuildPhase section */
		280B54A2670750FE05F79DED /* Frameworks */ = {
			isa = PBXFrameworksBuildPhase;
			buildActionMask = 2147483647;
			files = (
				5898A903E4A596D2D66D6C28 /* Foundation.framework in Frameworks */,
			);
			runOnlyForDeploymentPostprocessing = 0;
		};
		D0C3DE782EDD91AD0068307C /* Frameworks */ = {
			isa = PBXFrameworksBuildPhase;
			buildActionMask = 2147483647;
			files = (
				D002A4842F6DC9040053419C /* PopGestureRecognizerSwiftUI in Frameworks */,
				D055F2F32F66A1F900380F46 /* Kingfisher in Frameworks */,
				D0999ED62F4645E100D352C3 /* SwinjectAutoregistration in Frameworks */,
			);
			runOnlyForDeploymentPostprocessing = 0;
		};
/* End PBXFrameworksBuildPhase section */

/* Begin PBXGroup section */
		3EE01BEA0B433097A5DEF26D /* iOS */ = {
			isa = PBXGroup;
			children = (
				8F0B1F362C4EDAEEFCC7E88B /* Foundation.framework */,
			);
			name = iOS;
			sourceTree = "<group>";
		};
		51B102D0615A54E4930CBF8C /* Frameworks */ = {
			isa = PBXGroup;
			children = (
				3EE01BEA0B433097A5DEF26D /* iOS */,
			);
			name = Frameworks;
			sourceTree = "<group>";
		};
		83A95B6029D9B343ADC79264 /* CullenTests */ = {
			isa = PBXGroup;
			children = (
				895E7DDDD04D0A1E8555056A /* DecisionsRemoveSuffixMigrationTests.swift */,
				2E403F48B492130E6E3C7947 /* FakeDecisionsRepository.swift */,
				3A6570C138564E3CC185FDAE /* FakePhotosetsRepository.swift */,
				978B04D9883581A7A11F6BAF /* MigrationGateTests.swift */,
			);
			name = CullenTests;
			path = CullenTests;
			sourceTree = "<group>";
		};
		D0C3DE722EDD91AD0068307C = {
			isa = PBXGroup;
			children = (
				D0C3DE7D2EDD91AD0068307C /* Cullen */,
				179616E111B545BAAF873091 /* Cullen.xcconfig */,
				D0C3DE7C2EDD91AD0068307C /* Products */,
				51B102D0615A54E4930CBF8C /* Frameworks */,
				83A95B6029D9B343ADC79264 /* CullenTests */,
			);
			sourceTree = "<group>";
		};
		D0C3DE7C2EDD91AD0068307C /* Products */ = {
			isa = PBXGroup;
			children = (
				D0C3DE7B2EDD91AD0068307C /* Cullen.app */,
				C3ECAECC0277B2B389434D67 /* CullenTests.xctest */,
				992883BF3784358D23537957 /* CullenTests.xctest */,
			);
			name = Products;
			sourceTree = "<group>";
		};
/* End PBXGroup section */

/* Begin PBXNativeTarget section */
		66077C203462E842904C9483 /* CullenTests */ = {
			isa = PBXNativeTarget;
			buildConfigurationList = 2B3EB84C0E362CE4FC7C0ECA /* Build configuration list for PBXNativeTarget "CullenTests" */;
			buildPhases = (
				9F4114390FA97905196CA9A1 /* Sources */,
				280B54A2670750FE05F79DED /* Frameworks */,
				0DD927982932084EC73B26C8 /* Resources */,
			);
			buildRules = (
			);
			dependencies = (
				01B4CB6C7AEA83688B127740 /* PBXTargetDependency */,
			);
			name = CullenTests;
			productName = CullenTests;
			productReference = 992883BF3784358D23537957 /* CullenTests.xctest */;
			productType = "com.apple.product-type.bundle.unit-test";
		};
		D0C3DE7A2EDD91AD0068307C /* Cullen */ = {
			isa = PBXNativeTarget;
			buildConfigurationList = D0C3DE9C2EDD91AE0068307C /* Build configuration list for PBXNativeTarget "Cullen" */;
			buildPhases = (
				D0091126301B45DA00A95907 /* Drop old provisions, reset build lifetime */,
				47318FD150434678A41C5539 /* Sync JSON from local source */,
				D0C3DE772EDD91AD0068307C /* Sources */,
				D0C3DE782EDD91AD0068307C /* Frameworks */,
				D0C3DE792EDD91AD0068307C /* Resources */,
			);
			buildRules = (
			);
			dependencies = (
			);
			fileSystemSynchronizedGroups = (
				D0C3DE7D2EDD91AD0068307C /* Cullen */,
			);
			name = Cullen;
			packageProductDependencies = (
				D0999ED52F4645E100D352C3 /* SwinjectAutoregistration */,
				D055F2F22F66A1F900380F46 /* Kingfisher */,
				D002A4832F6DC9040053419C /* PopGestureRecognizerSwiftUI */,
			);
			productName = Cullen;
			productReference = D0C3DE7B2EDD91AD0068307C /* Cullen.app */;
			productType = "com.apple.product-type.application";
		};
/* End PBXNativeTarget section */

/* Begin PBXProject section */
		D0C3DE732EDD91AD0068307C /* Project object */ = {
			isa = PBXProject;
			attributes = {
				BuildIndependentTargetsInParallel = 1;
				LastSwiftUpdateCheck = 2610;
				LastUpgradeCheck = 2610;
				TargetAttributes = {
					D0C3DE7A2EDD91AD0068307C = {
						CreatedOnToolsVersion = 26.1.1;
					};
				};
			};
			buildConfigurationList = D0C3DE762EDD91AD0068307C /* Build configuration list for PBXProject "Cullen" */;
			developmentRegion = en;
			hasScannedForEncodings = 0;
			knownRegions = (
				en,
				Base,
			);
			mainGroup = D0C3DE722EDD91AD0068307C;
			minimizedProjectReferenceProxies = 1;
			packageReferences = (
				D043D9B52EDD9F37009F2100 /* XCRemoteSwiftPackageReference "SwiftLint" */,
				D0999ED42F4645E100D352C3 /* XCRemoteSwiftPackageReference "SwinjectAutoregistration" */,
				D055F2F12F66A1F900380F46 /* XCRemoteSwiftPackageReference "Kingfisher" */,
				D002A4822F6DC9040053419C /* XCRemoteSwiftPackageReference "PopGestureRecognizerSwiftUI" */,
			);
			preferredProjectObjectVersion = 77;
			productRefGroup = D0C3DE7C2EDD91AD0068307C /* Products */;
			projectDirPath = "";
			projectRoot = "";
			targets = (
				D0C3DE7A2EDD91AD0068307C /* Cullen */,
				66077C203462E842904C9483 /* CullenTests */,
			);
		};
/* End PBXProject section */

/* Begin PBXResourcesBuildPhase section */
		0DD927982932084EC73B26C8 /* Resources */ = {
			isa = PBXResourcesBuildPhase;
			buildActionMask = 2147483647;
			files = (
			);
			runOnlyForDeploymentPostprocessing = 0;
		};
		D0C3DE792EDD91AD0068307C /* Resources */ = {
			isa = PBXResourcesBuildPhase;
			buildActionMask = 2147483647;
			files = (
			);
			runOnlyForDeploymentPostprocessing = 0;
		};
/* End PBXResourcesBuildPhase section */

/* Begin PBXShellScriptBuildPhase section */
		47318FD150434678A41C5539 /* Sync JSON from local source */ = {
			isa = PBXShellScriptBuildPhase;
			buildActionMask = 2147483647;
			files = (
			);
			inputPaths = (
			);
			name = "Sync JSON from local source";
			outputPaths = (
			);
			runOnlyForDeploymentPostprocessing = 0;
			shellPath = /bin/bash;
			shellScript = "\"$SRCROOT/Scripts/sync_json.sh\"\n";
		};
		D0091126301B45DA00A95907 /* Drop old provisions, reset build lifetime */ = {
			isa = PBXShellScriptBuildPhase;
			buildActionMask = 2147483647;
			files = (
			);
			inputFileListPaths = (
			);
			inputPaths = (
			);
			name = "Drop old provisions, reset build lifetime";
			outputFileListPaths = (
			);
			outputPaths = (
			);
			runOnlyForDeploymentPostprocessing = 0;
			shellPath = /bin/sh;
			shellScript = "find \"${HOME}/Library/MobileDevice/Provisioning Profiles\" -name \"*.mobileprovision\" -delete\n";
		};
/* End PBXShellScriptBuildPhase section */

/* Begin PBXSourcesBuildPhase section */
		9F4114390FA97905196CA9A1 /* Sources */ = {
			isa = PBXSourcesBuildPhase;
			buildActionMask = 2147483647;
			files = (
				B803575162B672EE3B1F0171 /* DecisionsRemoveSuffixMigrationTests.swift in Sources */,
				69D299A69EB04B7F9A27D071 /* FakeDecisionsRepository.swift in Sources */,
				F42E81204F8BAC8A26B1FDC2 /* FakePhotosetsRepository.swift in Sources */,
				63F28340AECDA75A3A3B6C71 /* MigrationGateTests.swift in Sources */,
			);
			runOnlyForDeploymentPostprocessing = 0;
		};
		D0C3DE772EDD91AD0068307C /* Sources */ = {
			isa = PBXSourcesBuildPhase;
			buildActionMask = 2147483647;
			files = (
			);
			runOnlyForDeploymentPostprocessing = 0;
		};
/* End PBXSourcesBuildPhase section */

/* Begin PBXTargetDependency section */
		01B4CB6C7AEA83688B127740 /* PBXTargetDependency */ = {
			isa = PBXTargetDependency;
			name = Cullen;
			target = D0C3DE7A2EDD91AD0068307C /* Cullen */;
			targetProxy = E4F90EF064B7561B3C4705DB /* PBXContainerItemProxy */;
		};
/* End PBXTargetDependency section */

/* Begin XCBuildConfiguration section */
		3E88B4E6AA8B2AB55B636ED3 /* Release */ = {
			isa = XCBuildConfiguration;
			buildSettings = {
				BUNDLE_LOADER = "$(TEST_HOST)";
				CLANG_ENABLE_OBJC_WEAK = NO;
				CODE_SIGN_STYLE = Automatic;
				DEVELOPMENT_TEAM = 2T7P8BR7NV;
				GENERATE_INFOPLIST_FILE = YES;
				IPHONEOS_DEPLOYMENT_TARGET = 18.0;
				PRODUCT_BUNDLE_IDENTIFIER = ru.djachenko.ios.CullenTests;
				PRODUCT_NAME = "$(TARGET_NAME)";
				SDKROOT = iphoneos;
				SWIFT_VERSION = 5.0;
				TEST_HOST = "$(BUILT_PRODUCTS_DIR)/Cullen.app/$(BUNDLE_EXECUTABLE_FOLDER_PATH)/Cullen";
				VALIDATE_PRODUCT = YES;
			};
			name = Release;
		};
		8A274764917EC6547F6DF2C7 /* Release */ = {
			isa = XCBuildConfiguration;
			buildSettings = {
				BUNDLE_LOADER = "$(TEST_HOST)";
				CLANG_ENABLE_OBJC_WEAK = NO;
				CODE_SIGN_STYLE = Automatic;
				DEVELOPMENT_TEAM = 2T7P8BR7NV;
				GENERATE_INFOPLIST_FILE = YES;
				IPHONEOS_DEPLOYMENT_TARGET = 18.0;
				PRODUCT_BUNDLE_IDENTIFIER = ru.djachenko.ios.CullenTests;
				PRODUCT_NAME = "$(TARGET_NAME)";
				SDKROOT = iphoneos;
				SWIFT_VERSION = 5.0;
				TEST_HOST = "$(BUILT_PRODUCTS_DIR)/Cullen.app/$(BUNDLE_EXECUTABLE_FOLDER_PATH)/Cullen";
				VALIDATE_PRODUCT = YES;
			};
			name = Release;
		};
		D0C3DE9A2EDD91AE0068307C /* Debug */ = {
			isa = XCBuildConfiguration;
			buildSettings = {
				ALWAYS_SEARCH_USER_PATHS = NO;
				ASSETCATALOG_COMPILER_GENERATE_SWIFT_ASSET_SYMBOL_EXTENSIONS = YES;
				CLANG_ANALYZER_NONNULL = YES;
				CLANG_ANALYZER_NUMBER_OBJECT_CONVERSION = YES_AGGRESSIVE;
				CLANG_CXX_LANGUAGE_STANDARD = "gnu++20";
				CLANG_ENABLE_MODULES = YES;
				CLANG_ENABLE_OBJC_ARC = YES;
				CLANG_ENABLE_OBJC_WEAK = YES;
				CLANG_WARN_BLOCK_CAPTURE_AUTORELEASING = YES;
				CLANG_WARN_BOOL_CONVERSION = YES;
				CLANG_WARN_COMMA = YES;
				CLANG_WARN_CONSTANT_CONVERSION = YES;
				CLANG_WARN_DEPRECATED_OBJC_IMPLEMENTATIONS = YES;
				CLANG_WARN_DIRECT_OBJC_ISA_USAGE = YES_ERROR;
				CLANG_WARN_DOCUMENTATION_COMMENTS = YES;
				CLANG_WARN_EMPTY_BODY = YES;
				CLANG_WARN_ENUM_CONVERSION = YES;
				CLANG_WARN_INFINITE_RECURSION = YES;
				CLANG_WARN_INT_CONVERSION = YES;
				CLANG_WARN_NON_LITERAL_NULL_CONVERSION = YES;
				CLANG_WARN_OBJC_IMPLICIT_RETAIN_SELF = YES;
				CLANG_WARN_OBJC_LITERAL_CONVERSION = YES;
				CLANG_WARN_OBJC_ROOT_CLASS = YES_ERROR;
				CLANG_WARN_QUOTED_INCLUDE_IN_FRAMEWORK_HEADER = YES;
				CLANG_WARN_RANGE_LOOP_ANALYSIS = YES;
				CLANG_WARN_STRICT_PROTOTYPES = YES;
				CLANG_WARN_SUSPICIOUS_MOVE = YES;
				CLANG_WARN_UNGUARDED_AVAILABILITY = YES_AGGRESSIVE;
				CLANG_WARN_UNREACHABLE_CODE = YES;
				CLANG_WARN__DUPLICATE_METHOD_MATCH = YES;
				COPY_PHASE_STRIP = NO;
				DEBUG_INFORMATION_FORMAT = dwarf;
				ENABLE_STRICT_OBJC_MSGSEND = YES;
				ENABLE_TESTABILITY = YES;
				ENABLE_USER_SCRIPT_SANDBOXING = YES;
				GCC_C_LANGUAGE_STANDARD = gnu17;
				GCC_DYNAMIC_NO_PIC = NO;
				GCC_NO_COMMON_BLOCKS = YES;
				GCC_OPTIMIZATION_LEVEL = 0;
				GCC_PREPROCESSOR_DEFINITIONS = (
					"DEBUG=1",
					"$(inherited)",
				);
				GCC_WARN_64_TO_32_BIT_CONVERSION = YES;
				GCC_WARN_ABOUT_RETURN_TYPE = YES_ERROR;
				GCC_WARN_UNDECLARED_SELECTOR = YES;
				GCC_WARN_UNINITIALIZED_AUTOS = YES_AGGRESSIVE;
				GCC_WARN_UNUSED_FUNCTION = YES;
				GCC_WARN_UNUSED_VARIABLE = YES;
				IPHONEOS_DEPLOYMENT_TARGET = 26.1;
				LOCALIZATION_PREFERS_STRING_CATALOGS = YES;
				MTL_ENABLE_DEBUG_INFO = INCLUDE_SOURCE;
				MTL_FAST_MATH = YES;
				ONLY_ACTIVE_ARCH = YES;
				SDKROOT = iphoneos;
				SWIFT_ACTIVE_COMPILATION_CONDITIONS = "DEBUG $(inherited)";
				SWIFT_OPTIMIZATION_LEVEL = "-Onone";
			};
			name = Debug;
		};
		D0C3DE9B2EDD91AE0068307C /* Release */ = {
			isa = XCBuildConfiguration;
			buildSettings = {
				ALWAYS_SEARCH_USER_PATHS = NO;
				ASSETCATALOG_COMPILER_GENERATE_SWIFT_ASSET_SYMBOL_EXTENSIONS = YES;
				CLANG_ANALYZER_NONNULL = YES;
				CLANG_ANALYZER_NUMBER_OBJECT_CONVERSION = YES_AGGRESSIVE;
				CLANG_CXX_LANGUAGE_STANDARD = "gnu++20";
				CLANG_ENABLE_MODULES = YES;
				CLANG_ENABLE_OBJC_ARC = YES;
				CLANG_ENABLE_OBJC_WEAK = YES;
				CLANG_WARN_BLOCK_CAPTURE_AUTORELEASING = YES;
				CLANG_WARN_BOOL_CONVERSION = YES;
				CLANG_WARN_COMMA = YES;
				CLANG_WARN_CONSTANT_CONVERSION = YES;
				CLANG_WARN_DEPRECATED_OBJC_IMPLEMENTATIONS = YES;
				CLANG_WARN_DIRECT_OBJC_ISA_USAGE = YES_ERROR;
				CLANG_WARN_DOCUMENTATION_COMMENTS = YES;
				CLANG_WARN_EMPTY_BODY = YES;
				CLANG_WARN_ENUM_CONVERSION = YES;
				CLANG_WARN_INFINITE_RECURSION = YES;
				CLANG_WARN_INT_CONVERSION = YES;
				CLANG_WARN_NON_LITERAL_NULL_CONVERSION = YES;
				CLANG_WARN_OBJC_IMPLICIT_RETAIN_SELF = YES;
				CLANG_WARN_OBJC_LITERAL_CONVERSION = YES;
				CLANG_WARN_OBJC_ROOT_CLASS = YES_ERROR;
				CLANG_WARN_QUOTED_INCLUDE_IN_FRAMEWORK_HEADER = YES;
				CLANG_WARN_RANGE_LOOP_ANALYSIS = YES;
				CLANG_WARN_STRICT_PROTOTYPES = YES;
				CLANG_WARN_SUSPICIOUS_MOVE = YES;
				CLANG_WARN_UNGUARDED_AVAILABILITY = YES_AGGRESSIVE;
				CLANG_WARN_UNREACHABLE_CODE = YES;
				CLANG_WARN__DUPLICATE_METHOD_MATCH = YES;
				COPY_PHASE_STRIP = NO;
				DEBUG_INFORMATION_FORMAT = "dwarf-with-dsym";
				ENABLE_NS_ASSERTIONS = NO;
				ENABLE_STRICT_OBJC_MSGSEND = YES;
				ENABLE_USER_SCRIPT_SANDBOXING = YES;
				GCC_C_LANGUAGE_STANDARD = gnu17;
				GCC_NO_COMMON_BLOCKS = YES;
				GCC_WARN_64_TO_32_BIT_CONVERSION = YES;
				GCC_WARN_ABOUT_RETURN_TYPE = YES_ERROR;
				GCC_WARN_UNDECLARED_SELECTOR = YES;
				GCC_WARN_UNINITIALIZED_AUTOS = YES_AGGRESSIVE;
				GCC_WARN_UNUSED_FUNCTION = YES;
				GCC_WARN_UNUSED_VARIABLE = YES;
				IPHONEOS_DEPLOYMENT_TARGET = 26.1;
				LOCALIZATION_PREFERS_STRING_CATALOGS = YES;
				MTL_ENABLE_DEBUG_INFO = NO;
				MTL_FAST_MATH = YES;
				SDKROOT = iphoneos;
				SWIFT_COMPILATION_MODE = wholemodule;
				VALIDATE_PRODUCT = YES;
			};
			name = Release;
		};
		D0C3DE9D2EDD91AE0068307C /* Debug */ = {
			isa = XCBuildConfiguration;
			baseConfigurationReference = 179616E111B545BAAF873091 /* Cullen.xcconfig */;
			buildSettings = {
				ASSETCATALOG_COMPILER_APPICON_NAME = AppIcon;
				ASSETCATALOG_COMPILER_GLOBAL_ACCENT_COLOR_NAME = AccentColor;
				CODE_SIGN_IDENTITY = "Apple Development";
				CODE_SIGN_STYLE = Automatic;
				CURRENT_PROJECT_VERSION = 1;
				DEVELOPMENT_TEAM = 2T7P8BR7NV;
				ENABLE_PREVIEWS = YES;
				ENABLE_USER_SCRIPT_SANDBOXING = NO;
				GENERATE_INFOPLIST_FILE = YES;
				INFOPLIST_KEY_CFBundleDisplayName = CULLEN_DEV;
				INFOPLIST_KEY_UIApplicationSceneManifest_Generation = YES;
				INFOPLIST_KEY_UIApplicationSupportsIndirectInputEvents = YES;
				INFOPLIST_KEY_UILaunchScreen_Generation = YES;
				INFOPLIST_KEY_UISupportedInterfaceOrientations_iPad = "UIInterfaceOrientationPortrait UIInterfaceOrientationPortraitUpsideDown UIInterfaceOrientationLandscapeLeft UIInterfaceOrientationLandscapeRight";
				INFOPLIST_KEY_UISupportedInterfaceOrientations_iPhone = "UIInterfaceOrientationPortrait UIInterfaceOrientationLandscapeLeft UIInterfaceOrientationLandscapeRight";
				IPHONEOS_DEPLOYMENT_TARGET = 18.0;
				LD_RUNPATH_SEARCH_PATHS = (
					"$(inherited)",
					"@executable_path/Frameworks",
				);
				MARKETING_VERSION = 1.0;
				PRODUCT_BUNDLE_IDENTIFIER = "ru.djachenko.ios.Cullen-dev";
				PRODUCT_NAME = "$(TARGET_NAME)";
				PROVISIONING_PROFILE_SPECIFIER = "";
				STRING_CATALOG_GENERATE_SYMBOLS = YES;
				SWIFT_APPROACHABLE_CONCURRENCY = YES;
				SWIFT_DEFAULT_ACTOR_ISOLATION = nonisolated;
				SWIFT_EMIT_LOC_STRINGS = YES;
				SWIFT_UPCOMING_FEATURE_MEMBER_IMPORT_VISIBILITY = YES;
				SWIFT_VERSION = 5.0;
				TARGETED_DEVICE_FAMILY = "1,2";
			};
			name = Debug;
		};
		D0C3DE9E2EDD91AE0068307C /* Release */ = {
			isa = XCBuildConfiguration;
			baseConfigurationReference = 179616E111B545BAAF873091 /* Cullen.xcconfig */;
			buildSettings = {
				ASSETCATALOG_COMPILER_APPICON_NAME = AppIcon;
				ASSETCATALOG_COMPILER_GLOBAL_ACCENT_COLOR_NAME = AccentColor;
				CODE_SIGN_IDENTITY = "Apple Development";
				CODE_SIGN_STYLE = Automatic;
				CURRENT_PROJECT_VERSION = 1;
				DEVELOPMENT_TEAM = 2T7P8BR7NV;
				ENABLE_PREVIEWS = YES;
				GENERATE_INFOPLIST_FILE = YES;
				INFOPLIST_KEY_CFBundleDisplayName = Cullen;
				INFOPLIST_KEY_UIApplicationSceneManifest_Generation = YES;
				INFOPLIST_KEY_UIApplicationSupportsIndirectInputEvents = YES;
				INFOPLIST_KEY_UILaunchScreen_Generation = YES;
				INFOPLIST_KEY_UISupportedInterfaceOrientations_iPad = "UIInterfaceOrientationPortrait UIInterfaceOrientationPortraitUpsideDown UIInterfaceOrientationLandscapeLeft UIInterfaceOrientationLandscapeRight";
				INFOPLIST_KEY_UISupportedInterfaceOrientations_iPhone = "UIInterfaceOrientationPortrait UIInterfaceOrientationLandscapeLeft UIInterfaceOrientationLandscapeRight";
				IPHONEOS_DEPLOYMENT_TARGET = 18.0;
				LD_RUNPATH_SEARCH_PATHS = (
					"$(inherited)",
					"@executable_path/Frameworks",
				);
				MARKETING_VERSION = 1.0;
				PRODUCT_BUNDLE_IDENTIFIER = ru.djachenko.ios.Cullen;
				PRODUCT_NAME = "$(TARGET_NAME)";
				PROVISIONING_PROFILE_SPECIFIER = "";
				STRING_CATALOG_GENERATE_SYMBOLS = YES;
				SWIFT_APPROACHABLE_CONCURRENCY = YES;
				SWIFT_DEFAULT_ACTOR_ISOLATION = nonisolated;
				SWIFT_EMIT_LOC_STRINGS = YES;
				SWIFT_UPCOMING_FEATURE_MEMBER_IMPORT_VISIBILITY = YES;
				SWIFT_VERSION = 5.0;
				TARGETED_DEVICE_FAMILY = "1,2";
			};
			name = Release;
		};
		F1DA5637250299BE33D79A7D /* Debug */ = {
			isa = XCBuildConfiguration;
			buildSettings = {
				BUNDLE_LOADER = "$(TEST_HOST)";
				CLANG_ENABLE_OBJC_WEAK = NO;
				CODE_SIGN_STYLE = Automatic;
				DEVELOPMENT_TEAM = 2T7P8BR7NV;
				GENERATE_INFOPLIST_FILE = YES;
				IPHONEOS_DEPLOYMENT_TARGET = 18.0;
				PRODUCT_BUNDLE_IDENTIFIER = ru.djachenko.ios.CullenTests;
				PRODUCT_NAME = "$(TARGET_NAME)";
				SDKROOT = iphoneos;
				SWIFT_VERSION = 5.0;
				TEST_HOST = "$(BUILT_PRODUCTS_DIR)/Cullen.app/$(BUNDLE_EXECUTABLE_FOLDER_PATH)/Cullen";
			};
			name = Debug;
		};
		FEFF5B94FC527A19CD48EF79 /* Debug */ = {
			isa = XCBuildConfiguration;
			buildSettings = {
				BUNDLE_LOADER = "$(TEST_HOST)";
				CLANG_ENABLE_OBJC_WEAK = NO;
				CODE_SIGN_STYLE = Automatic;
				DEVELOPMENT_TEAM = 2T7P8BR7NV;
				GENERATE_INFOPLIST_FILE = YES;
				IPHONEOS_DEPLOYMENT_TARGET = 18.0;
				PRODUCT_BUNDLE_IDENTIFIER = ru.djachenko.ios.CullenTests;
				PRODUCT_NAME = "$(TARGET_NAME)";
				SDKROOT = iphoneos;
				SWIFT_VERSION = 5.0;
				TEST_HOST = "$(BUILT_PRODUCTS_DIR)/Cullen.app/$(BUNDLE_EXECUTABLE_FOLDER_PATH)/Cullen";
			};
			name = Debug;
		};
/* End XCBuildConfiguration section */

/* Begin XCConfigurationList section */
		2B3EB84C0E362CE4FC7C0ECA /* Build configuration list for PBXNativeTarget "CullenTests" */ = {
			isa = XCConfigurationList;
			buildConfigurations = (
				3E88B4E6AA8B2AB55B636ED3 /* Release */,
				F1DA5637250299BE33D79A7D /* Debug */,
			);
			defaultConfigurationIsVisible = 0;
			defaultConfigurationName = Release;
		};
		D0C3DE762EDD91AD0068307C /* Build configuration list for PBXProject "Cullen" */ = {
			isa = XCConfigurationList;
			buildConfigurations = (
				D0C3DE9A2EDD91AE0068307C /* Debug */,
				D0C3DE9B2EDD91AE0068307C /* Release */,
			);
			defaultConfigurationIsVisible = 0;
			defaultConfigurationName = Release;
		};
		D0C3DE9C2EDD91AE0068307C /* Build configuration list for PBXNativeTarget "Cullen" */ = {
			isa = XCConfigurationList;
			buildConfigurations = (
				D0C3DE9D2EDD91AE0068307C /* Debug */,
				D0C3DE9E2EDD91AE0068307C /* Release */,
			);
			defaultConfigurationIsVisible = 0;
			defaultConfigurationName = Release;
		};
/* End XCConfigurationList section */

/* Begin XCRemoteSwiftPackageReference section */
		D002A4822F6DC9040053419C /* XCRemoteSwiftPackageReference "PopGestureRecognizerSwiftUI" */ = {
			isa = XCRemoteSwiftPackageReference;
			repositoryURL = "https://github.com/hayek/PopGestureRecognizerSwiftUI";
			requirement = {
				kind = upToNextMajorVersion;
				minimumVersion = 2.0.0;
			};
		};
		D043D9B52EDD9F37009F2100 /* XCRemoteSwiftPackageReference "SwiftLint" */ = {
			isa = XCRemoteSwiftPackageReference;
			repositoryURL = "https://github.com/realm/SwiftLint";
			requirement = {
				kind = upToNextMajorVersion;
				minimumVersion = 0.62.2;
			};
		};
		D055F2F12F66A1F900380F46 /* XCRemoteSwiftPackageReference "Kingfisher" */ = {
			isa = XCRemoteSwiftPackageReference;
			repositoryURL = "https://github.com/onevcat/Kingfisher.git";
			requirement = {
				kind = upToNextMajorVersion;
				minimumVersion = 8.8.0;
			};
		};
		D0999ED42F4645E100D352C3 /* XCRemoteSwiftPackageReference "SwinjectAutoregistration" */ = {
			isa = XCRemoteSwiftPackageReference;
			repositoryURL = "https://github.com/Swinject/SwinjectAutoregistration.git";
			requirement = {
				kind = upToNextMajorVersion;
				minimumVersion = 2.9.1;
			};
		};
/* End XCRemoteSwiftPackageReference section */

/* Begin XCSwiftPackageProductDependency section */
		D002A4832F6DC9040053419C /* PopGestureRecognizerSwiftUI */ = {
			isa = XCSwiftPackageProductDependency;
			package = D002A4822F6DC9040053419C /* XCRemoteSwiftPackageReference "PopGestureRecognizerSwiftUI" */;
			productName = PopGestureRecognizerSwiftUI;
		};
		D055F2F22F66A1F900380F46 /* Kingfisher */ = {
			isa = XCSwiftPackageProductDependency;
			package = D055F2F12F66A1F900380F46 /* XCRemoteSwiftPackageReference "Kingfisher" */;
			productName = Kingfisher;
		};
		D0999ED52F4645E100D352C3 /* SwinjectAutoregistration */ = {
			isa = XCSwiftPackageProductDependency;
			package = D0999ED42F4645E100D352C3 /* XCRemoteSwiftPackageReference "SwinjectAutoregistration" */;
			productName = SwinjectAutoregistration;
		};
/* End XCSwiftPackageProductDependency section */
	};
	rootObject = D0C3DE732EDD91AD0068307C /* Project object */;
}
